
Microsoft Visual Studio Solution File, Format Version 12.00
Project("{2150E333-8FDC-42A3-9474-1A3956D46DE8}") = "Web", "Web", "{72BB1692-80D1-4901-BFB6-5043A2685327}"
EndProject
Project("{FAE04EC0-301F-11D3-BF4B-00C04F79EFBC}") = "Web.API", "Web.API\Web.API.csproj", "{83BF086F-3982-4E77-BC5B-70529C5AFC1A}"
EndProject
Global
	GlobalSection(SolutionConfigurationPlatforms) = preSolution
		Debug|Any CPU = Debug|Any CPU
		Release|Any CPU = Release|Any CPU
	EndGlobalSection
	GlobalSection(NestedProjects) = preSolution
		{83BF086F-3982-4E77-BC5B-70529C5AFC1A} = {72BB1692-80D1-4901-BFB6-5043A2685327}
	EndGlobalSection
	GlobalSection(ProjectConfigurationPlatforms) = postSolution
		{83BF086F-3982-4E77-BC5B-70529C5AFC1A}.Debug|Any CPU.ActiveCfg = Debug|Any CPU
		{83BF086F-3982-4E77-BC5B-70529C5AFC1A}.Debug|Any CPU.Build.0 = Debug|Any CPU
		{83BF086F-3982-4E77-BC5B-70529C5AFC1A}.Release|Any CPU.ActiveCfg = Release|Any CPU
		{83BF086F-3982-4E77-BC5B-70529C5AFC1A}.Release|Any CPU.Build.0 = Release|Any CPU
	EndGlobalSection
EndGlobal
